
Microsoft Visual Studio Solution File, Format Version 12.00
# Visual Studio Version 17
VisualStudioVersion = 17.13.35931.197 d17.13
MinimumVisualStudioVersion = 10.0.40219.1
Project("{FAE04EC0-301F-11D3-BF4B-00C04F79EFBC}") = "PaymentsExercise", "PaymentsExercise\PaymentsExercise.csproj", "{288B6181-67C7-4E16-9217-EB759D34BF0D}"
EndProject
Global
	GlobalSection(SolutionConfigurationPlatforms) = preSolution
		Debug|Any CPU = Debug|Any CPU
		Release|Any CPU = Release|Any CPU
	EndGlobalSection
	GlobalSection(ProjectConfigurationPlatforms) = postSolution
		{288B6181-67C7-4E16-9217-EB759D34BF0D}.Debug|Any CPU.ActiveCfg = Debug|Any CPU
		{288B6181-67C7-4E16-9217-EB759D34BF0D}.Debug|Any CPU.Build.0 = Debug|Any CPU
		{288B6181-67C7-4E16-9217-EB759D34BF0D}.Release|Any CPU.ActiveCfg = Release|Any CPU
		{288B6181-67C7-4E16-9217-EB759D34BF0D}.Release|Any CPU.Build.0 = Release|Any CPU
	EndGlobalSection
	GlobalSection(SolutionProperties) = preSolution
		HideSolutionNode = FALSE
	EndGlobalSection
	GlobalSection(ExtensibilityGlobals) = postSolution
		SolutionGuid = {C520DF66-B26B-4290-98E0-826CEF7EDB95}
	EndGlobalSection
EndGlobal
