
Microsoft Visual Studio Solution File, Format Version 12.00
# Visual Studio Version 17
VisualStudioVersion = 17.13.35931.197 d17.13
MinimumVisualStudioVersion = 10.0.40219.1
Project("{FAE04EC0-301F-11D3-BF4B-00C04F79EFBC}") = "exceptions-notes", "exceptions-notes.csproj", "{0308AB0E-53AC-420F-AE1D-F459C71E7623}"
EndProject
Global
	GlobalSection(SolutionConfigurationPlatforms) = preSolution
		Debug|Any CPU = Debug|Any CPU
		Release|Any CPU = Release|Any CPU
	EndGlobalSection
	GlobalSection(ProjectConfigurationPlatforms) = postSolution
		{0308AB0E-53AC-420F-AE1D-F459C71E7623}.Debug|Any CPU.ActiveCfg = Debug|Any CPU
		{0308AB0E-53AC-420F-AE1D-F459C71E7623}.Debug|Any CPU.Build.0 = Debug|Any CPU
		{0308AB0E-53AC-420F-AE1D-F459C71E7623}.Release|Any CPU.ActiveCfg = Release|Any CPU
		{0308AB0E-53AC-420F-AE1D-F459C71E7623}.Release|Any CPU.Build.0 = Release|Any CPU
	EndGlobalSection
	GlobalSection(SolutionProperties) = preSolution
		HideSolutionNode = FALSE
	EndGlobalSection
	GlobalSection(ExtensibilityGlobals) = postSolution
		SolutionGuid = {1815267F-8AF8-430F-A597-97A5F75CC444}
	EndGlobalSection
EndGlobal
