
Microsoft Visual Studio Solution File, Format Version 12.00
# Visual Studio Version 17
VisualStudioVersion = 17.13.35931.197 d17.13
MinimumVisualStudioVersion = 10.0.40219.1
Project("{FAE04EC0-301F-11D3-BF4B-00C04F79EFBC}") = "PayersExercise", "PayersExercise.csproj", "{4A9E29FA-555A-46FE-9157-76C8802248B8}"
EndProject
Global
	GlobalSection(SolutionConfigurationPlatforms) = preSolution
		Debug|Any CPU = Debug|Any CPU
		Release|Any CPU = Release|Any CPU
	EndGlobalSection
	GlobalSection(ProjectConfigurationPlatforms) = postSolution
		{4A9E29FA-555A-46FE-9157-76C8802248B8}.Debug|Any CPU.ActiveCfg = Debug|Any CPU
		{4A9E29FA-555A-46FE-9157-76C8802248B8}.Debug|Any CPU.Build.0 = Debug|Any CPU
		{4A9E29FA-555A-46FE-9157-76C8802248B8}.Release|Any CPU.ActiveCfg = Release|Any CPU
		{4A9E29FA-555A-46FE-9157-76C8802248B8}.Release|Any CPU.Build.0 = Release|Any CPU
	EndGlobalSection
	GlobalSection(SolutionProperties) = preSolution
		HideSolutionNode = FALSE
	EndGlobalSection
	GlobalSection(ExtensibilityGlobals) = postSolution
		SolutionGuid = {2344ED96-9066-4675-9FBC-A4D82C93C0D2}
	EndGlobalSection
EndGlobal
