
Microsoft Visual Studio Solution File, Format Version 12.00
# Visual Studio Version 17
VisualStudioVersion = 17.14.36109.1 d17.14
MinimumVisualStudioVersion = 10.0.40219.1
Project("{FAE04EC0-301F-11D3-BF4B-00C04F79EFBC}") = "DictionaryExercise", "DictionaryExercise.csproj", "{2F99992B-E4EB-47C7-9F87-BC7C0E8B6634}"
EndProject
Global
	GlobalSection(SolutionConfigurationPlatforms) = preSolution
		Debug|Any CPU = Debug|Any CPU
		Release|Any CPU = Release|Any CPU
	EndGlobalSection
	GlobalSection(ProjectConfigurationPlatforms) = postSolution
		{2F99992B-E4EB-47C7-9F87-BC7C0E8B6634}.Debug|Any CPU.ActiveCfg = Debug|Any CPU
		{2F99992B-E4EB-47C7-9F87-BC7C0E8B6634}.Debug|Any CPU.Build.0 = Debug|Any CPU
		{2F99992B-E4EB-47C7-9F87-BC7C0E8B6634}.Release|Any CPU.ActiveCfg = Release|Any CPU
		{2F99992B-E4EB-47C7-9F87-BC7C0E8B6634}.Release|Any CPU.Build.0 = Release|Any CPU
	EndGlobalSection
	GlobalSection(SolutionProperties) = preSolution
		HideSolutionNode = FALSE
	EndGlobalSection
	GlobalSection(ExtensibilityGlobals) = postSolution
		SolutionGuid = {E2676233-11D6-4BC6-BAB8-E51A019A58A6}
	EndGlobalSection
EndGlobal
