
Microsoft Visual Studio Solution File, Format Version 12.00
# Visual Studio Version 17
VisualStudioVersion = 17.13.35931.197 d17.13
MinimumVisualStudioVersion = 10.0.40219.1
Project("{FAE04EC0-301F-11D3-BF4B-00C04F79EFBC}") = "trycatch-notes", "trycatch-notes.csproj", "{1962D029-93F2-4817-8519-F53811C0D52C}"
EndProject
Global
	GlobalSection(SolutionConfigurationPlatforms) = preSolution
		Debug|Any CPU = Debug|Any CPU
		Release|Any CPU = Release|Any CPU
	EndGlobalSection
	GlobalSection(ProjectConfigurationPlatforms) = postSolution
		{1962D029-93F2-4817-8519-F53811C0D52C}.Debug|Any CPU.ActiveCfg = Debug|Any CPU
		{1962D029-93F2-4817-8519-F53811C0D52C}.Debug|Any CPU.Build.0 = Debug|Any CPU
		{1962D029-93F2-4817-8519-F53811C0D52C}.Release|Any CPU.ActiveCfg = Release|Any CPU
		{1962D029-93F2-4817-8519-F53811C0D52C}.Release|Any CPU.Build.0 = Release|Any CPU
	EndGlobalSection
	GlobalSection(SolutionProperties) = preSolution
		HideSolutionNode = FALSE
	EndGlobalSection
	GlobalSection(ExtensibilityGlobals) = postSolution
		SolutionGuid = {60C49894-0C69-46F0-A475-DFDB93BD38C7}
	EndGlobalSection
EndGlobal
